{
  "name": "corrupt-bot",
  "version": "1.0.0",
  "lockfileVersion": 3,
  "requires": true,
  "packages": {
    "": {
      "name": "corrupt-bot",
      "version": "1.0.0",
      "dependencies": {
        "discord.js": "^14.12.1",
        "express": "^4.18.2",
        "node-fetch": "^2.6.7",
        "puppeteer": "^21.3.0"
      }
    }
  },
  "dependencies": {
    "discord.js": {
      "version": "14.12.1",
      "resolved": "https://registry.npmjs.org/discord.js/-/discord.js-14.12.1.tgz",
      "integrity": "sha512-GtZ+FkHQxvHFOmqO9tJkOiI+fTqZ8H9hddHktJk6Ej6c4L7O0rV2s5SPf2GVQ7XigkfaXy2pXjbfXwEEa0OfrA==",
      "dependencies": {}
    },
    "express": {
      "version": "4.18.2",
      "resolved": "https://registry.npmjs.org/express/-/express-4.18.2.tgz",
      "integrity": "sha512-KXZJ+l8nt1qeb6K3KdN8F5+ZqowX/Uzjx3kZXYIE0S7IvVPT2dO1dF+lDx91QfFco2dB5Jd2G2N2gC4+6JfIPQ==",
      "dependencies": {}
    },
    "node-fetch": {
      "version": "2.6.7",
      "resolved": "https://registry.npmjs.org/node-fetch/-/node-fetch-2.6.7.tgz",
      "integrity": "sha512-VjxmXx2j+5gjqXzFcx+XK0TQcN7J4J8F9vYqB+0i8qZB1lT0ktJZ0CJxYo8lZ2Rjkz90c9TGpqj2sQ/e4a5hOg==",
      "dependencies": {}
    },
    "puppeteer": {
      "version": "21.3.0",
      "resolved": "https://registry.npmjs.org/puppeteer/-/puppeteer-21.3.0.tgz",
      "integrity": "sha512-0lX+4kU1rjps3A2+5flxF3jPYTT1bhC5Etj6wS0s4Vt1C4Cj+G4pT3eA3c5n7E3ZxFbZhL+ok6dj+8z0Xay0WQ==",
      "dependencies": {}
    }
  }
}
