# 1. Clonează repository-ul local dacă nu l-ai făcut deja
git clone https://github.com/USERNAME/REPO.git
cd REPO

# 2. Asigură-te că ai Node.js 20.x instalat local
node -v  # ar trebui să fie 20.x

# 3. Instalează toate dependențele și generează package-lock.json
npm install

# 4. Vei avea acum package-lock.json în folderul proiectului
ls

# 5. Commit și push pe GitHub
git add package-lock.json
git commit -m "Add package-lock.json for Render"
git push
